
Microsoft Visual Studio Solution File, Format Version 12.00
# Visual Studio 15
VisualStudioVersion = 15.0.27703.2047
MinimumVisualStudioVersion = 10.0.40219.1
Project("{9A19103F-16F7-4668-BE54-9A1E7A4F7556}") = "TestDrivenDevelopment", "TestDrivenDevelopment\TestDrivenDevelopment.csproj", "{1E8EBE23-6727-44B2-B7A1-29C2218B17B6}"
EndProject
Project("{9A19103F-16F7-4668-BE54-9A1E7A4F7556}") = "TestDrivenDevelopment.Tests", "TestDrivenDevelopment.Tests\TestDrivenDevelopment.Tests.csproj", "{2D34766E-DFFE-4D61-966D-EF840DDDC6F7}"
EndProject
Project("{FAE04EC0-301F-11D3-BF4B-00C04F79EFBC}") = "TestDrivenDevelopment.Capitulo.10", "TestDrivenDevelopment.Capitulo.10\TestDrivenDevelopment.Capitulo.10.csproj", "{686D80BD-5E76-4BF6-9A3F-FE9ECF0D9BEB}"
EndProject
Global
	GlobalSection(SolutionConfigurationPlatforms) = preSolution
		Debug|Any CPU = Debug|Any CPU
		Release|Any CPU = Release|Any CPU
	EndGlobalSection
	GlobalSection(ProjectConfigurationPlatforms) = postSolution
		{1E8EBE23-6727-44B2-B7A1-29C2218B17B6}.Debug|Any CPU.ActiveCfg = Debug|Any CPU
		{1E8EBE23-6727-44B2-B7A1-29C2218B17B6}.Debug|Any CPU.Build.0 = Debug|Any CPU
		{1E8EBE23-6727-44B2-B7A1-29C2218B17B6}.Release|Any CPU.ActiveCfg = Release|Any CPU
		{1E8EBE23-6727-44B2-B7A1-29C2218B17B6}.Release|Any CPU.Build.0 = Release|Any CPU
		{2D34766E-DFFE-4D61-966D-EF840DDDC6F7}.Debug|Any CPU.ActiveCfg = Debug|Any CPU
		{2D34766E-DFFE-4D61-966D-EF840DDDC6F7}.Debug|Any CPU.Build.0 = Debug|Any CPU
		{2D34766E-DFFE-4D61-966D-EF840DDDC6F7}.Release|Any CPU.ActiveCfg = Release|Any CPU
		{2D34766E-DFFE-4D61-966D-EF840DDDC6F7}.Release|Any CPU.Build.0 = Release|Any CPU
		{686D80BD-5E76-4BF6-9A3F-FE9ECF0D9BEB}.Debug|Any CPU.ActiveCfg = Debug|Any CPU
		{686D80BD-5E76-4BF6-9A3F-FE9ECF0D9BEB}.Debug|Any CPU.Build.0 = Debug|Any CPU
		{686D80BD-5E76-4BF6-9A3F-FE9ECF0D9BEB}.Release|Any CPU.ActiveCfg = Release|Any CPU
		{686D80BD-5E76-4BF6-9A3F-FE9ECF0D9BEB}.Release|Any CPU.Build.0 = Release|Any CPU
	EndGlobalSection
	GlobalSection(SolutionProperties) = preSolution
		HideSolutionNode = FALSE
	EndGlobalSection
	GlobalSection(ExtensibilityGlobals) = postSolution
		SolutionGuid = {4189270F-A98E-40F6-99E5-99A15880C603}
	EndGlobalSection
EndGlobal
